
Microsoft Visual Studio Solution File, Format Version 12.00
# Visual Studio Version 17
VisualStudioVersion = 17.6.33801.468
MinimumVisualStudioVersion = 10.0.40219.1
Project("{FAE04EC0-301F-11D3-BF4B-00C04F79EFBC}") = "Test_NovinTech", "Test_NovinTech\Test_NovinTech.csproj", "{94780C77-0343-4396-9758-50695A8E00F1}"
EndProject
Project("{FAE04EC0-301F-11D3-BF4B-00C04F79EFBC}") = "Domain", "Domain\Domain.csproj", "{B4C93FC6-33B9-467D-B71F-585A1ED70667}"
EndProject
Project("{FAE04EC0-301F-11D3-BF4B-00C04F79EFBC}") = "Infrastructure", "Infrastructure\Infrastructure.csproj", "{8322E58F-81A5-4646-8A18-22137B6B64BD}"
EndProject
Project("{FAE04EC0-301F-11D3-BF4B-00C04F79EFBC}") = "Application", "Application\Application.csproj", "{25320B8F-7289-4AA7-B48E-0B47CE08999F}"
EndProject
Project("{FAE04EC0-301F-11D3-BF4B-00C04F79EFBC}") = "Shared", "Shared\Shared.csproj", "{BA76AB18-030E-4670-A185-68EBBC9B4443}"
EndProject
Global
	GlobalSection(SolutionConfigurationPlatforms) = preSolution
		Debug|Any CPU = Debug|Any CPU
		Release|Any CPU = Release|Any CPU
	EndGlobalSection
	GlobalSection(ProjectConfigurationPlatforms) = postSolution
		{94780C77-0343-4396-9758-50695A8E00F1}.Debug|Any CPU.ActiveCfg = Debug|Any CPU
		{94780C77-0343-4396-9758-50695A8E00F1}.Debug|Any CPU.Build.0 = Debug|Any CPU
		{94780C77-0343-4396-9758-50695A8E00F1}.Release|Any CPU.ActiveCfg = Release|Any CPU
		{94780C77-0343-4396-9758-50695A8E00F1}.Release|Any CPU.Build.0 = Release|Any CPU
		{B4C93FC6-33B9-467D-B71F-585A1ED70667}.Debug|Any CPU.ActiveCfg = Debug|Any CPU
		{B4C93FC6-33B9-467D-B71F-585A1ED70667}.Debug|Any CPU.Build.0 = Debug|Any CPU
		{B4C93FC6-33B9-467D-B71F-585A1ED70667}.Release|Any CPU.ActiveCfg = Release|Any CPU
		{B4C93FC6-33B9-467D-B71F-585A1ED70667}.Release|Any CPU.Build.0 = Release|Any CPU
		{8322E58F-81A5-4646-8A18-22137B6B64BD}.Debug|Any CPU.ActiveCfg = Debug|Any CPU
		{8322E58F-81A5-4646-8A18-22137B6B64BD}.Debug|Any CPU.Build.0 = Debug|Any CPU
		{8322E58F-81A5-4646-8A18-22137B6B64BD}.Release|Any CPU.ActiveCfg = Release|Any CPU
		{8322E58F-81A5-4646-8A18-22137B6B64BD}.Release|Any CPU.Build.0 = Release|Any CPU
		{25320B8F-7289-4AA7-B48E-0B47CE08999F}.Debug|Any CPU.ActiveCfg = Debug|Any CPU
		{25320B8F-7289-4AA7-B48E-0B47CE08999F}.Debug|Any CPU.Build.0 = Debug|Any CPU
		{25320B8F-7289-4AA7-B48E-0B47CE08999F}.Release|Any CPU.ActiveCfg = Release|Any CPU
		{25320B8F-7289-4AA7-B48E-0B47CE08999F}.Release|Any CPU.Build.0 = Release|Any CPU
		{BA76AB18-030E-4670-A185-68EBBC9B4443}.Debug|Any CPU.ActiveCfg = Debug|Any CPU
		{BA76AB18-030E-4670-A185-68EBBC9B4443}.Debug|Any CPU.Build.0 = Debug|Any CPU
		{BA76AB18-030E-4670-A185-68EBBC9B4443}.Release|Any CPU.ActiveCfg = Release|Any CPU
		{BA76AB18-030E-4670-A185-68EBBC9B4443}.Release|Any CPU.Build.0 = Release|Any CPU
	EndGlobalSection
	GlobalSection(SolutionProperties) = preSolution
		HideSolutionNode = FALSE
	EndGlobalSection
	GlobalSection(ExtensibilityGlobals) = postSolution
		SolutionGuid = {18F728EA-C5F9-4448-B55E-86DA72648D53}
	EndGlobalSection
EndGlobal
